// !$*UTF8*$!
{
	archiveVersion = 1;
	classes = {
	};
	objectVersion = 46;
	objects = {

/* Begin PBXBuildFile section */
		DA357C741E4B967700FC454F /* main.m in Sources */ = {isa = PBXBuildFile; fileRef = DA357C731E4B967700FC454F /* main.m */; };
		DA357C7C1E4B974600FC454F /* Question.m in Sources */ = {isa = PBXBuildFile; fileRef = DA357C7B1E4B974600FC454F /* Question.m */; };
		DA357C7F1E4B975300FC454F /* InputHandler.m in Sources */ = {isa = PBXBuildFile; fileRef = DA357C7E1E4B975300FC454F /* InputHandler.m */; };
		DA357C821E4B977300FC454F /* ScoreKeeper.m in Sources */ = {isa = PBXBuildFile; fileRef = DA357C811E4B977300FC454F /* ScoreKeeper.m */; };
		DA357C851E4BA3F000FC454F /* QuestionManager.m in Sources */ = {isa = PBXBuildFile; fileRef = DA357C841E4BA3F000FC454F /* QuestionManager.m */; };
		DA357C8E1E4C14F100FC454F /* AdditionQuestion.m in Sources */ = {isa = PBXBuildFile; fileRef = DA357C8D1E4C14F100FC454F /* AdditionQuestion.m */; };
		DA357C911E4C150200FC454F /* SubtractionQuestion.m in Sources */ = {isa = PBXBuildFile; fileRef = DA357C901E4C150200FC454F /* SubtractionQuestion.m */; };
		DA357C941E4C151200FC454F /* MultiplicationQuestion.m in Sources */ = {isa = PBXBuildFile; fileRef = DA357C931E4C151200FC454F /* MultiplicationQuestion.m */; };
		DA357C971E4C151F00FC454F /* DivisionQuestion.m in Sources */ = {isa = PBXBuildFile; fileRef = DA357C961E4C151F00FC454F /* DivisionQuestion.m */; };
		DA357C9A1E4C2DA600FC454F /* QuestionFactory.m in Sources */ = {isa = PBXBuildFile; fileRef = DA357C991E4C2DA600FC454F /* QuestionFactory.m */; };
/* End PBXBuildFile section */

/* Begin PBXCopyFilesBuildPhase section */
		DA357C6E1E4B967700FC454F /* CopyFiles */ = {
			isa = PBXCopyFilesBuildPhase;
			buildActionMask = 2147483647;
			dstPath = /usr/share/man/man1/;
			dstSubfolderSpec = 0;
			files = (
			);
			runOnlyForDeploymentPostprocessing = 1;
		};
/* End PBXCopyFilesBuildPhase section */

/* Begin PBXFileReference section */
		DA357C701E4B967700FC454F /* MathsPart2 */ = {isa = PBXFileReference; explicitFileType = "compiled.mach-o.executable"; includeInIndex = 0; path = MathsPart2; sourceTree = BUILT_PRODUCTS_DIR; };
		DA357C731E4B967700FC454F /* main.m */ = {isa = PBXFileReference; lastKnownFileType = sourcecode.c.objc; path = main.m; sourceTree = "<group>"; };
		DA357C7A1E4B974600FC454F /* Question.h */ = {isa = PBXFileReference; fileEncoding = 4; lastKnownFileType = sourcecode.c.h; path = Question.h; sourceTree = "<group>"; };
		DA357C7B1E4B974600FC454F /* Question.m */ = {isa = PBXFileReference; fileEncoding = 4; lastKnownFileType = sourcecode.c.objc; path = Question.m; sourceTree = "<group>"; };
		DA357C7D1E4B975300FC454F /* InputHandler.h */ = {isa = PBXFileReference; fileEncoding = 4; lastKnownFileType = sourcecode.c.h; path = InputHandler.h; sourceTree = "<group>"; };
		DA357C7E1E4B975300FC454F /* InputHandler.m */ = {isa = PBXFileReference; fileEncoding = 4; lastKnownFileType = sourcecode.c.objc; path = InputHandler.m; sourceTree = "<group>"; };
		DA357C801E4B977300FC454F /* ScoreKeeper.h */ = {isa = PBXFileReference; fileEncoding = 4; lastKnownFileType = sourcecode.c.h; path = ScoreKeeper.h; sourceTree = "<group>"; };
		DA357C811E4B977300FC454F /* ScoreKeeper.m */ = {isa = PBXFileReference; fileEncoding = 4; lastKnownFileType = sourcecode.c.objc; path = ScoreKeeper.m; sourceTree = "<group>"; };
		DA357C831E4BA3F000FC454F /* QuestionManager.h */ = {isa = PBXFileReference; fileEncoding = 4; lastKnownFileType = sourcecode.c.h; path = QuestionManager.h; sourceTree = "<group>"; };
		DA357C841E4BA3F000FC454F /* QuestionManager.m */ = {isa = PBXFileReference; fileEncoding = 4; lastKnownFileType = sourcecode.c.objc; path = QuestionManager.m; sourceTree = "<group>"; };
		DA357C8C1E4C14F100FC454F /* AdditionQuestion.h */ = {isa = PBXFileReference; fileEncoding = 4; lastKnownFileType = sourcecode.c.h; path = AdditionQuestion.h; sourceTree = "<group>"; };
		DA357C8D1E4C14F100FC454F /* AdditionQuestion.m */ = {isa = PBXFileReference; fileEncoding = 4; lastKnownFileType = sourcecode.c.objc; path = AdditionQuestion.m; sourceTree = "<group>"; };
		DA357C8F1E4C150200FC454F /* SubtractionQuestion.h */ = {isa = PBXFileReference; fileEncoding = 4; lastKnownFileType = sourcecode.c.h; path = SubtractionQuestion.h; sourceTree = "<group>"; };
		DA357C901E4C150200FC454F /* SubtractionQuestion.m */ = {isa = PBXFileReference; fileEncoding = 4; lastKnownFileType = sourcecode.c.objc; path = SubtractionQuestion.m; sourceTree = "<group>"; };
		DA357C921E4C151200FC454F /* MultiplicationQuestion.h */ = {isa = PBXFileReference; fileEncoding = 4; lastKnownFileType = sourcecode.c.h; path = MultiplicationQuestion.h; sourceTree = "<group>"; };
		DA357C931E4C151200FC454F /* MultiplicationQuestion.m */ = {isa = PBXFileReference; fileEncoding = 4; lastKnownFileType = sourcecode.c.objc; path = MultiplicationQuestion.m; sourceTree = "<group>"; };
		DA357C951E4C151F00FC454F /* DivisionQuestion.h */ = {isa = PBXFileReference; fileEncoding = 4; lastKnownFileType = sourcecode.c.h; path = DivisionQuestion.h; sourceTree = "<group>"; };
		DA357C961E4C151F00FC454F /* DivisionQuestion.m */ = {isa = PBXFileReference; fileEncoding = 4; lastKnownFileType = sourcecode.c.objc; path = DivisionQuestion.m; sourceTree = "<group>"; };
		DA357C981E4C2DA600FC454F /* QuestionFactory.h */ = {isa = PBXFileReference; fileEncoding = 4; lastKnownFileType = sourcecode.c.h; path = QuestionFactory.h; sourceTree = "<group>"; };
		DA357C991E4C2DA600FC454F /* QuestionFactory.m */ = {isa = PBXFileReference; fileEncoding = 4; lastKnownFileType = sourcecode.c.objc; path = QuestionFactory.m; sourceTree = "<group>"; };
/* End PBXFileReference section */

/* Begin PBXFrameworksBuildPhase section */
		DA357C6D1E4B967700FC454F /* Frameworks */ = {
			isa = PBXFrameworksBuildPhase;
			buildActionMask = 2147483647;
			files = (
			);
			runOnlyForDeploymentPostprocessing = 0;
		};
/* End PBXFrameworksBuildPhase section */

/* Begin PBXGroup section */
		DA357C671E4B967700FC454F = {
			isa = PBXGroup;
			children = (
				DA357C721E4B967700FC454F /* MathsPart2 */,
				DA357C711E4B967700FC454F /* Products */,
			);
			sourceTree = "<group>";
		};
		DA357C711E4B967700FC454F /* Products */ = {
			isa = PBXGroup;
			children = (
				DA357C701E4B967700FC454F /* MathsPart2 */,
			);
			name = Products;
			sourceTree = "<group>";
		};
		DA357C721E4B967700FC454F /* MathsPart2 */ = {
			isa = PBXGroup;
			children = (
				DA357C731E4B967700FC454F /* main.m */,
				DA357C7A1E4B974600FC454F /* Question.h */,
				DA357C7B1E4B974600FC454F /* Question.m */,
				DA357C7D1E4B975300FC454F /* InputHandler.h */,
				DA357C7E1E4B975300FC454F /* InputHandler.m */,
				DA357C801E4B977300FC454F /* ScoreKeeper.h */,
				DA357C811E4B977300FC454F /* ScoreKeeper.m */,
				DA357C831E4BA3F000FC454F /* QuestionManager.h */,
				DA357C841E4BA3F000FC454F /* QuestionManager.m */,
				DA357C8C1E4C14F100FC454F /* AdditionQuestion.h */,
				DA357C8D1E4C14F100FC454F /* AdditionQuestion.m */,
				DA357C8F1E4C150200FC454F /* SubtractionQuestion.h */,
				DA357C901E4C150200FC454F /* SubtractionQuestion.m */,
				DA357C921E4C151200FC454F /* MultiplicationQuestion.h */,
				DA357C931E4C151200FC454F /* MultiplicationQuestion.m */,
				DA357C951E4C151F00FC454F /* DivisionQuestion.h */,
				DA357C961E4C151F00FC454F /* DivisionQuestion.m */,
				DA357C981E4C2DA600FC454F /* QuestionFactory.h */,
				DA357C991E4C2DA600FC454F /* QuestionFactory.m */,
			);
			path = MathsPart2;
			sourceTree = "<group>";
		};
/* End PBXGroup section */

/* Begin PBXNativeTarget section */
		DA357C6F1E4B967700FC454F /* MathsPart2 */ = {
			isa = PBXNativeTarget;
			buildConfigurationList = DA357C771E4B967700FC454F /* Build configuration list for PBXNativeTarget "MathsPart2" */;
			buildPhases = (
				DA357C6C1E4B967700FC454F /* Sources */,
				DA357C6D1E4B967700FC454F /* Frameworks */,
				DA357C6E1E4B967700FC454F /* CopyFiles */,
			);
			buildRules = (
			);
			dependencies = (
			);
			name = MathsPart2;
			productName = MathsPart2;
			productReference = DA357C701E4B967700FC454F /* MathsPart2 */;
			productType = "com.apple.product-type.tool";
		};
/* End PBXNativeTarget section */

/* Begin PBXProject section */
		DA357C681E4B967700FC454F /* Project object */ = {
			isa = PBXProject;
			attributes = {
				LastUpgradeCheck = 0820;
				ORGANIZATIONNAME = leomoon;
				TargetAttributes = {
					DA357C6F1E4B967700FC454F = {
						CreatedOnToolsVersion = 8.2.1;
						DevelopmentTeam = UZD8JHA5UW;
						ProvisioningStyle = Automatic;
					};
				};
			};
			buildConfigurationList = DA357C6B1E4B967700FC454F /* Build configuration list for PBXProject "MathsPart2" */;
			compatibilityVersion = "Xcode 3.2";
			developmentRegion = English;
			hasScannedForEncodings = 0;
			knownRegions = (
				en,
			);
			mainGroup = DA357C671E4B967700FC454F;
			productRefGroup = DA357C711E4B967700FC454F /* Products */;
			projectDirPath = "";
			projectRoot = "";
			targets = (
				DA357C6F1E4B967700FC454F /* MathsPart2 */,
			);
		};
/* End PBXProject section */

/* Begin PBXSourcesBuildPhase section */
		DA357C6C1E4B967700FC454F /* Sources */ = {
			isa = PBXSourcesBuildPhase;
			buildActionMask = 2147483647;
			files = (
				DA357C851E4BA3F000FC454F /* QuestionManager.m in Sources */,
				DA357C941E4C151200FC454F /* MultiplicationQuestion.m in Sources */,
				DA357C8E1E4C14F100FC454F /* AdditionQuestion.m in Sources */,
				DA357C911E4C150200FC454F /* SubtractionQuestion.m in Sources */,
				DA357C821E4B977300FC454F /* ScoreKeeper.m in Sources */,
				DA357C741E4B967700FC454F /* main.m in Sources */,
				DA357C971E4C151F00FC454F /* DivisionQuestion.m in Sources */,
				DA357C7F1E4B975300FC454F /* InputHandler.m in Sources */,
				DA357C9A1E4C2DA600FC454F /* QuestionFactory.m in Sources */,
				DA357C7C1E4B974600FC454F /* Question.m in Sources */,
			);
			runOnlyForDeploymentPostprocessing = 0;
		};
/* End PBXSourcesBuildPhase section */

/* Begin XCBuildConfiguration section */
		DA357C751E4B967700FC454F /* Debug */ = {
			isa = XCBuildConfiguration;
			buildSettings = {
				ALWAYS_SEARCH_USER_PATHS = NO;
				CLANG_ANALYZER_NONNULL = YES;
				CLANG_CXX_LANGUAGE_STANDARD = "gnu++0x";
				CLANG_CXX_LIBRARY = "libc++";
				CLANG_ENABLE_MODULES = YES;
				CLANG_ENABLE_OBJC_ARC = YES;
				CLANG_WARN_BOOL_CONVERSION = YES;
				CLANG_WARN_CONSTANT_CONVERSION = YES;
				CLANG_WARN_DIRECT_OBJC_ISA_USAGE = YES_ERROR;
				CLANG_WARN_DOCUMENTATION_COMMENTS = YES;
				CLANG_WARN_EMPTY_BODY = YES;
				CLANG_WARN_ENUM_CONVERSION = YES;
				CLANG_WARN_INFINITE_RECURSION = YES;
				CLANG_WARN_INT_CONVERSION = YES;
				CLANG_WARN_OBJC_ROOT_CLASS = YES_ERROR;
				CLANG_WARN_SUSPICIOUS_MOVE = YES;
				CLANG_WARN_UNREACHABLE_CODE = YES;
				CLANG_WARN__DUPLICATE_METHOD_MATCH = YES;
				CODE_SIGN_IDENTITY = "-";
				COPY_PHASE_STRIP = NO;
				DEBUG_INFORMATION_FORMAT = dwarf;
				ENABLE_STRICT_OBJC_MSGSEND = YES;
				ENABLE_TESTABILITY = YES;
				GCC_C_LANGUAGE_STANDARD = gnu99;
				GCC_DYNAMIC_NO_PIC = NO;
				GCC_NO_COMMON_BLOCKS = YES;
				GCC_OPTIMIZATION_LEVEL = 0;
				GCC_PREPROCESSOR_DEFINITIONS = (
					"DEBUG=1",
					"$(inherited)",
				);
				GCC_WARN_64_TO_32_BIT_CONVERSION = YES;
				GCC_WARN_ABOUT_RETURN_TYPE = YES_ERROR;
				GCC_WARN_UNDECLARED_SELECTOR = YES;
				GCC_WARN_UNINITIALIZED_AUTOS = YES_AGGRESSIVE;
				GCC_WARN_UNUSED_FUNCTION = YES;
				GCC_WARN_UNUSED_VARIABLE = YES;
				MACOSX_DEPLOYMENT_TARGET = 10.12;
				MTL_ENABLE_DEBUG_INFO = YES;
				ONLY_ACTIVE_ARCH = YES;
				SDKROOT = macosx;
			};
			name = Debug;
		};
		DA357C761E4B967700FC454F /* Release */ = {
			isa = XCBuildConfiguration;
			buildSettings = {
				ALWAYS_SEARCH_USER_PATHS = NO;
				CLANG_ANALYZER_NONNULL = YES;
				CLANG_CXX_LANGUAGE_STANDARD = "gnu++0x";
				CLANG_CXX_LIBRARY = "libc++";
				CLANG_ENABLE_MODULES = YES;
				CLANG_ENABLE_OBJC_ARC = YES;
				CLANG_WARN_BOOL_CONVERSION = YES;
				CLANG_WARN_CONSTANT_CONVERSION = YES;
				CLANG_WARN_DIRECT_OBJC_ISA_USAGE = YES_ERROR;
				CLANG_WARN_DOCUMENTATION_COMMENTS = YES;
				CLANG_WARN_EMPTY_BODY = YES;
				CLANG_WARN_ENUM_CONVERSION = YES;
				CLANG_WARN_INFINITE_RECURSION = YES;
				CLANG_WARN_INT_CONVERSION = YES;
				CLANG_WARN_OBJC_ROOT_CLASS = YES_ERROR;
				CLANG_WARN_SUSPICIOUS_MOVE = YES;
				CLANG_WARN_UNREACHABLE_CODE = YES;
				CLANG_WARN__DUPLICATE_METHOD_MATCH = YES;
				CODE_SIGN_IDENTITY = "-";
				COPY_PHASE_STRIP = NO;
				DEBUG_INFORMATION_FORMAT = "dwarf-with-dsym";
				ENABLE_NS_ASSERTIONS = NO;
				ENABLE_STRICT_OBJC_MSGSEND = YES;
				GCC_C_LANGUAGE_STANDARD = gnu99;
				GCC_NO_COMMON_BLOCKS = YES;
				GCC_WARN_64_TO_32_BIT_CONVERSION = YES;
				GCC_WARN_ABOUT_RETURN_TYPE = YES_ERROR;
				GCC_WARN_UNDECLARED_SELECTOR = YES;
				GCC_WARN_UNINITIALIZED_AUTOS = YES_AGGRESSIVE;
				GCC_WARN_UNUSED_FUNCTION = YES;
				GCC_WARN_UNUSED_VARIABLE = YES;
				MACOSX_DEPLOYMENT_TARGET = 10.12;
				MTL_ENABLE_DEBUG_INFO = NO;
				SDKROOT = macosx;
			};
			name = Release;
		};
		DA357C781E4B967700FC454F /* Debug */ = {
			isa = XCBuildConfiguration;
			buildSettings = {
				DEVELOPMENT_TEAM = UZD8JHA5UW;
				PRODUCT_NAME = "$(TARGET_NAME)";
			};
			name = Debug;
		};
		DA357C791E4B967700FC454F /* Release */ = {
			isa = XCBuildConfiguration;
			buildSettings = {
				DEVELOPMENT_TEAM = UZD8JHA5UW;
				PRODUCT_NAME = "$(TARGET_NAME)";
			};
			name = Release;
		};
/* End XCBuildConfiguration section */

/* Begin XCConfigurationList section */
		DA357C6B1E4B967700FC454F /* Build configuration list for PBXProject "MathsPart2" */ = {
			isa = XCConfigurationList;
			buildConfigurations = (
				DA357C751E4B967700FC454F /* Debug */,
				DA357C761E4B967700FC454F /* Release */,
			);
			defaultConfigurationIsVisible = 0;
			defaultConfigurationName = Release;
		};
		DA357C771E4B967700FC454F /* Build configuration list for PBXNativeTarget "MathsPart2" */ = {
			isa = XCConfigurationList;
			buildConfigurations = (
				DA357C781E4B967700FC454F /* Debug */,
				DA357C791E4B967700FC454F /* Release */,
			);
			defaultConfigurationIsVisible = 0;
			defaultConfigurationName = Release;
		};
/* End XCConfigurationList section */
	};
	rootObject = DA357C681E4B967700FC454F /* Project object */;
}
